
Microsoft Visual Studio Solution File, Format Version 12.00
# Visual Studio Version 16
VisualStudioVersion = 16.0.31019.35
MinimumVisualStudioVersion = 10.0.40219.1
Project("{D954291E-2A0B-460D-934E-DC6B0785DB48}") = "CharacterAccessory.Core", "src\CharacterAccessory.Core\CharacterAccessory.Core.shproj", "{5A8FDB27-FFCA-4A77-AB0F-AFDEF9A034ED}"
EndProject
Project("{FAE04EC0-301F-11D3-BF4B-00C04F79EFBC}") = "CharacterAccessory.KK", "src\CharacterAccessory.KK\CharacterAccessory.KK.csproj", "{32DEB8CE-4AF2-4458-AC87-359508C0ADAE}"
EndProject
Project("{FAE04EC0-301F-11D3-BF4B-00C04F79EFBC}") = "CharacterAccessory.KKS", "src\CharacterAccessory.KKS\CharacterAccessory.KKS.csproj", "{C856F9F4-0D2C-461D-A492-CCB6213CAFBE}"
EndProject
Global
	GlobalSection(SharedMSBuildProjectFiles) = preSolution
		src\CharacterAccessory.Core\CharacterAccessory.Core.projitems*{32deb8ce-4af2-4458-ac87-359508c0adae}*SharedItemsImports = 4
		src\CharacterAccessory.Core\CharacterAccessory.Core.projitems*{5a8fdb27-ffca-4a77-ab0f-afdef9a034ed}*SharedItemsImports = 13
		src\CharacterAccessory.Core\CharacterAccessory.Core.projitems*{c856f9f4-0d2c-461d-a492-ccb6213cafbe}*SharedItemsImports = 4
	EndGlobalSection
	GlobalSection(SolutionConfigurationPlatforms) = preSolution
		Debug|Any CPU = Debug|Any CPU
		Release|Any CPU = Release|Any CPU
	EndGlobalSection
	GlobalSection(ProjectConfigurationPlatforms) = postSolution
		{32DEB8CE-4AF2-4458-AC87-359508C0ADAE}.Debug|Any CPU.ActiveCfg = Debug|Any CPU
		{32DEB8CE-4AF2-4458-AC87-359508C0ADAE}.Debug|Any CPU.Build.0 = Debug|Any CPU
		{32DEB8CE-4AF2-4458-AC87-359508C0ADAE}.Release|Any CPU.ActiveCfg = Release|Any CPU
		{32DEB8CE-4AF2-4458-AC87-359508C0ADAE}.Release|Any CPU.Build.0 = Release|Any CPU
		{C856F9F4-0D2C-461D-A492-CCB6213CAFBE}.Debug|Any CPU.ActiveCfg = Debug|Any CPU
		{C856F9F4-0D2C-461D-A492-CCB6213CAFBE}.Debug|Any CPU.Build.0 = Debug|Any CPU
		{C856F9F4-0D2C-461D-A492-CCB6213CAFBE}.Release|Any CPU.ActiveCfg = Release|Any CPU
	EndGlobalSection
	GlobalSection(SolutionProperties) = preSolution
		HideSolutionNode = FALSE
	EndGlobalSection
	GlobalSection(ExtensibilityGlobals) = postSolution
		SolutionGuid = {F6068D11-CA7E-420C-926D-996B3FABE074}
	EndGlobalSection
EndGlobal
